
Microsoft Visual Studio Solution File, Format Version 12.00
# Visual Studio 15
VisualStudioVersion = 15.0.27428.2027
MinimumVisualStudioVersion = 10.0.40219.1
Project("{FAE04EC0-301F-11D3-BF4B-00C04F79EFBC}") = "WpfApp2", "WpfApp2\WpfApp2.csproj", "{1550325C-4404-4563-8ED3-261D6C689C51}"
EndProject
Global
	GlobalSection(SolutionConfigurationPlatforms) = preSolution
		Debug|Any CPU = Debug|Any CPU
		Release|Any CPU = Release|Any CPU
	EndGlobalSection
	GlobalSection(ProjectConfigurationPlatforms) = postSolution
		{1550325C-4404-4563-8ED3-261D6C689C51}.Debug|Any CPU.ActiveCfg = Debug|Any CPU
		{1550325C-4404-4563-8ED3-261D6C689C51}.Debug|Any CPU.Build.0 = Debug|Any CPU
		{1550325C-4404-4563-8ED3-261D6C689C51}.Release|Any CPU.ActiveCfg = Release|Any CPU
		{1550325C-4404-4563-8ED3-261D6C689C51}.Release|Any CPU.Build.0 = Release|Any CPU
	EndGlobalSection
	GlobalSection(SolutionProperties) = preSolution
		HideSolutionNode = FALSE
	EndGlobalSection
	GlobalSection(ExtensibilityGlobals) = postSolution
		SolutionGuid = {CCC1BE26-DD79-4E22-A387-D4C4F6EF7FF6}
	EndGlobalSection
EndGlobal
